
Microsoft Visual Studio Solution File, Format Version 12.00
# Visual Studio 15
Project("{FAE04EC0-301F-11D3-BF4B-00C04F79EFBC}") = "BLL", "BLL\BLL.csproj", "{61EF3082-22C5-45D8-9E29-B75ACC86B52A}"
EndProject
Project("{FAE04EC0-301F-11D3-BF4B-00C04F79EFBC}") = "DAL", "DAL\DAL.csproj", "{28A474CA-37CB-4579-AB69-CB7099E1058B}"
EndProject
Project("{FAE04EC0-301F-11D3-BF4B-00C04F79EFBC}") = "View", "View\View.csproj", "{B62F516F-1D7C-4B00-B2AF-0B3E82616E2A}"
EndProject
Global
	GlobalSection(SolutionConfigurationPlatforms) = preSolution
		Debug|Any CPU = Debug|Any CPU
		Release|Any CPU = Release|Any CPU
	EndGlobalSection
	GlobalSection(ProjectConfigurationPlatforms) = postSolution
		{61EF3082-22C5-45D8-9E29-B75ACC86B52A}.Debug|Any CPU.ActiveCfg = Debug|Any CPU
		{61EF3082-22C5-45D8-9E29-B75ACC86B52A}.Debug|Any CPU.Build.0 = Debug|Any CPU
		{61EF3082-22C5-45D8-9E29-B75ACC86B52A}.Release|Any CPU.ActiveCfg = Release|Any CPU
		{61EF3082-22C5-45D8-9E29-B75ACC86B52A}.Release|Any CPU.Build.0 = Release|Any CPU
		{28A474CA-37CB-4579-AB69-CB7099E1058B}.Debug|Any CPU.ActiveCfg = Debug|Any CPU
		{28A474CA-37CB-4579-AB69-CB7099E1058B}.Debug|Any CPU.Build.0 = Debug|Any CPU
		{28A474CA-37CB-4579-AB69-CB7099E1058B}.Release|Any CPU.ActiveCfg = Release|Any CPU
		{28A474CA-37CB-4579-AB69-CB7099E1058B}.Release|Any CPU.Build.0 = Release|Any CPU
		{B62F516F-1D7C-4B00-B2AF-0B3E82616E2A}.Debug|Any CPU.ActiveCfg = Debug|Any CPU
		{B62F516F-1D7C-4B00-B2AF-0B3E82616E2A}.Debug|Any CPU.Build.0 = Debug|Any CPU
		{B62F516F-1D7C-4B00-B2AF-0B3E82616E2A}.Release|Any CPU.ActiveCfg = Release|Any CPU
		{B62F516F-1D7C-4B00-B2AF-0B3E82616E2A}.Release|Any CPU.Build.0 = Release|Any CPU
	EndGlobalSection
EndGlobal
